
Microsoft Visual Studio Solution File, Format Version 12.00
# Visual Studio 15
VisualStudioVersion = 15.0.28307.779
MinimumVisualStudioVersion = 10.0.40219.1
Project("{FAE04EC0-301F-11D3-BF4B-00C04F79EFBC}") = "MiCalculadora", "MiCalculadora\MiCalculadora.csproj", "{EBF76BE2-4E99-40A9-A5C1-00BB5CEC07C8}"
EndProject
Project("{FAE04EC0-301F-11D3-BF4B-00C04F79EFBC}") = "Entidades", "Entidades\Entidades.csproj", "{3E02495B-3643-4449-8FE5-A60B66159BE8}"
EndProject
Global
	GlobalSection(SolutionConfigurationPlatforms) = preSolution
		Debug|Any CPU = Debug|Any CPU
		Release|Any CPU = Release|Any CPU
	EndGlobalSection
	GlobalSection(ProjectConfigurationPlatforms) = postSolution
		{EBF76BE2-4E99-40A9-A5C1-00BB5CEC07C8}.Debug|Any CPU.ActiveCfg = Debug|Any CPU
		{EBF76BE2-4E99-40A9-A5C1-00BB5CEC07C8}.Debug|Any CPU.Build.0 = Debug|Any CPU
		{EBF76BE2-4E99-40A9-A5C1-00BB5CEC07C8}.Release|Any CPU.ActiveCfg = Release|Any CPU
		{EBF76BE2-4E99-40A9-A5C1-00BB5CEC07C8}.Release|Any CPU.Build.0 = Release|Any CPU
		{3E02495B-3643-4449-8FE5-A60B66159BE8}.Debug|Any CPU.ActiveCfg = Debug|Any CPU
		{3E02495B-3643-4449-8FE5-A60B66159BE8}.Debug|Any CPU.Build.0 = Debug|Any CPU
		{3E02495B-3643-4449-8FE5-A60B66159BE8}.Release|Any CPU.ActiveCfg = Release|Any CPU
		{3E02495B-3643-4449-8FE5-A60B66159BE8}.Release|Any CPU.Build.0 = Release|Any CPU
	EndGlobalSection
	GlobalSection(SolutionProperties) = preSolution
		HideSolutionNode = FALSE
	EndGlobalSection
	GlobalSection(ExtensibilityGlobals) = postSolution
		SolutionGuid = {CEFC24C4-4591-4740-96B6-4A55D94D990A}
	EndGlobalSection
EndGlobal
