
Microsoft Visual Studio Solution File, Format Version 12.00
# Visual Studio 15
VisualStudioVersion = 15.0.28307.902
MinimumVisualStudioVersion = 10.0.40219.1
Project("{FAE04EC0-301F-11D3-BF4B-00C04F79EFBC}") = "Entidades", "Entidades\Entidades.csproj", "{9F7D2ED4-64E4-4713-9CC2-D5CE044DF86D}"
EndProject
Project("{FAE04EC0-301F-11D3-BF4B-00C04F79EFBC}") = "MainCorreo", "MainCorreo\MainCorreo.csproj", "{E207F665-245E-4192-93D0-704019CE52B2}"
EndProject
Project("{FAE04EC0-301F-11D3-BF4B-00C04F79EFBC}") = "UnitTest", "UnitTest\UnitTest.csproj", "{28756F20-0ABE-40F2-9D11-4CF7D800E9C3}"
EndProject
Global
	GlobalSection(SolutionConfigurationPlatforms) = preSolution
		Debug|Any CPU = Debug|Any CPU
		Release|Any CPU = Release|Any CPU
	EndGlobalSection
	GlobalSection(ProjectConfigurationPlatforms) = postSolution
		{9F7D2ED4-64E4-4713-9CC2-D5CE044DF86D}.Debug|Any CPU.ActiveCfg = Debug|Any CPU
		{9F7D2ED4-64E4-4713-9CC2-D5CE044DF86D}.Debug|Any CPU.Build.0 = Debug|Any CPU
		{9F7D2ED4-64E4-4713-9CC2-D5CE044DF86D}.Release|Any CPU.ActiveCfg = Release|Any CPU
		{9F7D2ED4-64E4-4713-9CC2-D5CE044DF86D}.Release|Any CPU.Build.0 = Release|Any CPU
		{E207F665-245E-4192-93D0-704019CE52B2}.Debug|Any CPU.ActiveCfg = Debug|Any CPU
		{E207F665-245E-4192-93D0-704019CE52B2}.Debug|Any CPU.Build.0 = Debug|Any CPU
		{E207F665-245E-4192-93D0-704019CE52B2}.Release|Any CPU.ActiveCfg = Release|Any CPU
		{E207F665-245E-4192-93D0-704019CE52B2}.Release|Any CPU.Build.0 = Release|Any CPU
		{28756F20-0ABE-40F2-9D11-4CF7D800E9C3}.Debug|Any CPU.ActiveCfg = Debug|Any CPU
		{28756F20-0ABE-40F2-9D11-4CF7D800E9C3}.Debug|Any CPU.Build.0 = Debug|Any CPU
		{28756F20-0ABE-40F2-9D11-4CF7D800E9C3}.Release|Any CPU.ActiveCfg = Release|Any CPU
		{28756F20-0ABE-40F2-9D11-4CF7D800E9C3}.Release|Any CPU.Build.0 = Release|Any CPU
	EndGlobalSection
	GlobalSection(SolutionProperties) = preSolution
		HideSolutionNode = FALSE
	EndGlobalSection
	GlobalSection(ExtensibilityGlobals) = postSolution
		SolutionGuid = {A4F88CCE-A07D-4C8A-86BD-9C555BCC2990}
	EndGlobalSection
EndGlobal
